
Microsoft Visual Studio Solution File, Format Version 12.00
# Visual Studio 14
VisualStudioVersion = 14.0.25420.1
MinimumVisualStudioVersion = 10.0.40219.1
Project("{FAE04EC0-301F-11D3-BF4B-00C04F79EFBC}") = "Sol_TranzactSearchFight", "Sol_TranzactSearchFight\Sol_TranzactSearchFight.csproj", "{73B1FA67-BCF0-49C7-8178-7F859A2258FA}"
EndProject
Project("{FAE04EC0-301F-11D3-BF4B-00C04F79EFBC}") = "Tranzact.Entities", "Tranzact.Entities\Tranzact.Entities.csproj", "{5DF784D3-2EEE-438E-9EC3-572C6819B6FA}"
EndProject
Project("{FAE04EC0-301F-11D3-BF4B-00C04F79EFBC}") = "Tranzact.Service", "Tranzact.Service\Tranzact.Service.csproj", "{D34D024C-C9A2-40D1-8E6E-D884F179EC46}"
EndProject
Global
	GlobalSection(SolutionConfigurationPlatforms) = preSolution
		Debug|Any CPU = Debug|Any CPU
		Release|Any CPU = Release|Any CPU
	EndGlobalSection
	GlobalSection(ProjectConfigurationPlatforms) = postSolution
		{73B1FA67-BCF0-49C7-8178-7F859A2258FA}.Debug|Any CPU.ActiveCfg = Debug|Any CPU
		{73B1FA67-BCF0-49C7-8178-7F859A2258FA}.Debug|Any CPU.Build.0 = Debug|Any CPU
		{73B1FA67-BCF0-49C7-8178-7F859A2258FA}.Release|Any CPU.ActiveCfg = Release|Any CPU
		{73B1FA67-BCF0-49C7-8178-7F859A2258FA}.Release|Any CPU.Build.0 = Release|Any CPU
		{5DF784D3-2EEE-438E-9EC3-572C6819B6FA}.Debug|Any CPU.ActiveCfg = Debug|Any CPU
		{5DF784D3-2EEE-438E-9EC3-572C6819B6FA}.Debug|Any CPU.Build.0 = Debug|Any CPU
		{5DF784D3-2EEE-438E-9EC3-572C6819B6FA}.Release|Any CPU.ActiveCfg = Release|Any CPU
		{5DF784D3-2EEE-438E-9EC3-572C6819B6FA}.Release|Any CPU.Build.0 = Release|Any CPU
		{D34D024C-C9A2-40D1-8E6E-D884F179EC46}.Debug|Any CPU.ActiveCfg = Debug|Any CPU
		{D34D024C-C9A2-40D1-8E6E-D884F179EC46}.Debug|Any CPU.Build.0 = Debug|Any CPU
		{D34D024C-C9A2-40D1-8E6E-D884F179EC46}.Release|Any CPU.ActiveCfg = Release|Any CPU
		{D34D024C-C9A2-40D1-8E6E-D884F179EC46}.Release|Any CPU.Build.0 = Release|Any CPU
	EndGlobalSection
	GlobalSection(SolutionProperties) = preSolution
		HideSolutionNode = FALSE
	EndGlobalSection
EndGlobal
